// !$*UTF8*$!
{
	archiveVersion = 1;
	classes = {
	};
	objectVersion = 77;
	objects = {

/* Begin PBXBuildFile section */
		704E4B8E2F11E5A000AB0A5D /* MerchGridView.swift in Sources */ = {isa = PBXBuildFile; fileRef = 704E4B8D2F11E5A000AB0A5D /* MerchGridView.swift */; };
		704E4B8F2F11E5A000AB0A5D /* MerchGridView.swift in Sources */ = {isa = PBXBuildFile; fileRef = 704E4B8D2F11E5A000AB0A5D /* MerchGridView.swift */; };
		704E4B902F11E5A000AB0A5D /* MerchGridView.swift in Sources */ = {isa = PBXBuildFile; fileRef = 704E4B8D2F11E5A000AB0A5D /* MerchGridView.swift */; };
		704E4B922F11E5AB00AB0A5D /* MerchListView.swift in Sources */ = {isa = PBXBuildFile; fileRef = 704E4B912F11E5A800AB0A5D /* MerchListView.swift */; };
		704E4B932F11E5AB00AB0A5D /* MerchListView.swift in Sources */ = {isa = PBXBuildFile; fileRef = 704E4B912F11E5A800AB0A5D /* MerchListView.swift */; };
		704E4B942F11E5AB00AB0A5D /* MerchListView.swift in Sources */ = {isa = PBXBuildFile; fileRef = 704E4B912F11E5A800AB0A5D /* MerchListView.swift */; };
		7092F00E2F0E3FFF00D39106 /* empire 360.mp4 in Resources */ = {isa = PBXBuildFile; fileRef = 7092F00D2F0E3FFF00D39106 /* empire 360.mp4 */; };
		7092F00F2F0E3FFF00D39106 /* empire 360.mp4 in Resources */ = {isa = PBXBuildFile; fileRef = 7092F00D2F0E3FFF00D39106 /* empire 360.mp4 */; };
		7092F0102F0E3FFF00D39106 /* empire 360.mp4 in Resources */ = {isa = PBXBuildFile; fileRef = 7092F00D2F0E3FFF00D39106 /* empire 360.mp4 */; };
		70A017032F0DF49000A084C2 /* Info.plist in Resources */ = {isa = PBXBuildFile; fileRef = 70A017012F0DF49000A084C2 /* Info.plist */; };
		70A017042F0DF49000A084C2 /* Assets.xcassets in Resources */ = {isa = PBXBuildFile; fileRef = 70A017002F0DF49000A084C2 /* Assets.xcassets */; };
		70A017052F0DF49000A084C2 /* MeetsView.swift in Sources */ = {isa = PBXBuildFile; fileRef = 70A016F72F0DF49000A084C2 /* MeetsView.swift */; };
		70A017062F0DF49000A084C2 /* CoolRipple.swift in Sources */ = {isa = PBXBuildFile; fileRef = 70A016EE2F0DF49000A084C2 /* CoolRipple.swift */; };
		70A017082F0DF49000A084C2 /* HomeView.swift in Sources */ = {isa = PBXBuildFile; fileRef = 70A016F42F0DF49000A084C2 /* HomeView.swift */; };
		70A017092F0DF49000A084C2 /* EmpireAppView.swift in Sources */ = {isa = PBXBuildFile; fileRef = 70A016EF2F0DF49000A084C2 /* EmpireAppView.swift */; };
		70A0170A2F0DF49000A084C2 /* ExpandedCarView.swift in Sources */ = {isa = PBXBuildFile; fileRef = 70A016F22F0DF49000A084C2 /* ExpandedCarView.swift */; };
		70A0170B2F0DF49000A084C2 /* LiquidGlassTabBar.swift in Sources */ = {isa = PBXBuildFile; fileRef = 70A016F62F0DF49000A084C2 /* LiquidGlassTabBar.swift */; };
		70A0170D2F0DF49000A084C2 /* Models.swift in Sources */ = {isa = PBXBuildFile; fileRef = 70A016F92F0DF49000A084C2 /* Models.swift */; };
		70A0170E2F0DF49000A084C2 /* CarCardView.swift in Sources */ = {isa = PBXBuildFile; fileRef = 70A016EC2F0DF49000A084C2 /* CarCardView.swift */; };
		70A0170F2F0DF49000A084C2 /* CarsView.swift in Sources */ = {isa = PBXBuildFile; fileRef = 70A016ED2F0DF49000A084C2 /* CarsView.swift */; };
		70A017102F0DF49000A084C2 /* EmpireApp.swift in Sources */ = {isa = PBXBuildFile; fileRef = 70A016E92F0DF49000A084C2 /* EmpireApp.swift */; };
		70A017112F0DF49000A084C2 /* EmpireTabView.swift in Sources */ = {isa = PBXBuildFile; fileRef = 70A016F12F0DF49000A084C2 /* EmpireTabView.swift */; };
		70A017122F0DF49000A084C2 /* GlassOptionRow.swift in Sources */ = {isa = PBXBuildFile; fileRef = 70A016F32F0DF49000A084C2 /* GlassOptionRow.swift */; };
		70A017132F0DF49000A084C2 /* ProfileStatCard.swift in Sources */ = {isa = PBXBuildFile; fileRef = 70A016FA2F0DF49000A084C2 /* ProfileStatCard.swift */; };
		70A017142F0DF49000A084C2 /* EmpireSplashView.swift in Sources */ = {isa = PBXBuildFile; fileRef = 70A016F02F0DF49000A084C2 /* EmpireSplashView.swift */; };
		70A017152F0DF49000A084C2 /* VisualEffectBlur.swift in Sources */ = {isa = PBXBuildFile; fileRef = 70A016FE2F0DF49000A084C2 /* VisualEffectBlur.swift */; };
		70A017162F0DF49000A084C2 /* MerchView.swift in Sources */ = {isa = PBXBuildFile; fileRef = 70A016F82F0DF49000A084C2 /* MerchView.swift */; };
		70A017172F0DF49000A084C2 /* ProfileView.swift in Sources */ = {isa = PBXBuildFile; fileRef = 70A016FB2F0DF49000A084C2 /* ProfileView.swift */; };
		70A017182F0DF49000A084C2 /* StageChip.swift in Sources */ = {isa = PBXBuildFile; fileRef = 70A016FC2F0DF49000A084C2 /* StageChip.swift */; };
		70A0171A2F0DF49000A084C2 /* Assets.xcassets in Resources */ = {isa = PBXBuildFile; fileRef = 70A017002F0DF49000A084C2 /* Assets.xcassets */; };
		70A0171B2F0DF49000A084C2 /* MeetsView.swift in Sources */ = {isa = PBXBuildFile; fileRef = 70A016F72F0DF49000A084C2 /* MeetsView.swift */; };
		70A0171C2F0DF49000A084C2 /* CoolRipple.swift in Sources */ = {isa = PBXBuildFile; fileRef = 70A016EE2F0DF49000A084C2 /* CoolRipple.swift */; };
		70A0171E2F0DF49000A084C2 /* HomeView.swift in Sources */ = {isa = PBXBuildFile; fileRef = 70A016F42F0DF49000A084C2 /* HomeView.swift */; };
		70A0171F2F0DF49000A084C2 /* EmpireAppView.swift in Sources */ = {isa = PBXBuildFile; fileRef = 70A016EF2F0DF49000A084C2 /* EmpireAppView.swift */; };
		70A017202F0DF49000A084C2 /* ExpandedCarView.swift in Sources */ = {isa = PBXBuildFile; fileRef = 70A016F22F0DF49000A084C2 /* ExpandedCarView.swift */; };
		70A017212F0DF49000A084C2 /* LiquidGlassTabBar.swift in Sources */ = {isa = PBXBuildFile; fileRef = 70A016F62F0DF49000A084C2 /* LiquidGlassTabBar.swift */; };
		70A017232F0DF49000A084C2 /* Models.swift in Sources */ = {isa = PBXBuildFile; fileRef = 70A016F92F0DF49000A084C2 /* Models.swift */; };
		70A017242F0DF49000A084C2 /* CarCardView.swift in Sources */ = {isa = PBXBuildFile; fileRef = 70A016EC2F0DF49000A084C2 /* CarCardView.swift */; };
		70A017252F0DF49000A084C2 /* CarsView.swift in Sources */ = {isa = PBXBuildFile; fileRef = 70A016ED2F0DF49000A084C2 /* CarsView.swift */; };
		70A017262F0DF49000A084C2 /* EmpireApp.swift in Sources */ = {isa = PBXBuildFile; fileRef = 70A016E92F0DF49000A084C2 /* EmpireApp.swift */; };
		70A017272F0DF49000A084C2 /* EmpireTabView.swift in Sources */ = {isa = PBXBuildFile; fileRef = 70A016F12F0DF49000A084C2 /* EmpireTabView.swift */; };
		70A017282F0DF49000A084C2 /* GlassOptionRow.swift in Sources */ = {isa = PBXBuildFile; fileRef = 70A016F32F0DF49000A084C2 /* GlassOptionRow.swift */; };
		70A017292F0DF49000A084C2 /* ProfileStatCard.swift in Sources */ = {isa = PBXBuildFile; fileRef = 70A016FA2F0DF49000A084C2 /* ProfileStatCard.swift */; };
		70A0172A2F0DF49000A084C2 /* EmpireSplashView.swift in Sources */ = {isa = PBXBuildFile; fileRef = 70A016F02F0DF49000A084C2 /* EmpireSplashView.swift */; };
		70A0172B2F0DF49000A084C2 /* VisualEffectBlur.swift in Sources */ = {isa = PBXBuildFile; fileRef = 70A016FE2F0DF49000A084C2 /* VisualEffectBlur.swift */; };
		70A0172C2F0DF49000A084C2 /* MerchView.swift in Sources */ = {isa = PBXBuildFile; fileRef = 70A016F82F0DF49000A084C2 /* MerchView.swift */; };
		70A0172D2F0DF49000A084C2 /* ProfileView.swift in Sources */ = {isa = PBXBuildFile; fileRef = 70A016FB2F0DF49000A084C2 /* ProfileView.swift */; };
		70A0172E2F0DF49000A084C2 /* StageChip.swift in Sources */ = {isa = PBXBuildFile; fileRef = 70A016FC2F0DF49000A084C2 /* StageChip.swift */; };
		70A0172F2F0DF49000A084C2 /* Info.plist in Resources */ = {isa = PBXBuildFile; fileRef = 70A017012F0DF49000A084C2 /* Info.plist */; };
		70A017302F0DF49000A084C2 /* Assets.xcassets in Resources */ = {isa = PBXBuildFile; fileRef = 70A017002F0DF49000A084C2 /* Assets.xcassets */; };
		70A017312F0DF49000A084C2 /* MeetsView.swift in Sources */ = {isa = PBXBuildFile; fileRef = 70A016F72F0DF49000A084C2 /* MeetsView.swift */; };
		70A017322F0DF49000A084C2 /* CoolRipple.swift in Sources */ = {isa = PBXBuildFile; fileRef = 70A016EE2F0DF49000A084C2 /* CoolRipple.swift */; };
		70A017342F0DF49000A084C2 /* HomeView.swift in Sources */ = {isa = PBXBuildFile; fileRef = 70A016F42F0DF49000A084C2 /* HomeView.swift */; };
		70A017352F0DF49000A084C2 /* EmpireAppView.swift in Sources */ = {isa = PBXBuildFile; fileRef = 70A016EF2F0DF49000A084C2 /* EmpireAppView.swift */; };
		70A017362F0DF49000A084C2 /* ExpandedCarView.swift in Sources */ = {isa = PBXBuildFile; fileRef = 70A016F22F0DF49000A084C2 /* ExpandedCarView.swift */; };
		70A017372F0DF49000A084C2 /* LiquidGlassTabBar.swift in Sources */ = {isa = PBXBuildFile; fileRef = 70A016F62F0DF49000A084C2 /* LiquidGlassTabBar.swift */; };
		70A017392F0DF49000A084C2 /* Models.swift in Sources */ = {isa = PBXBuildFile; fileRef = 70A016F92F0DF49000A084C2 /* Models.swift */; };
		70A0173A2F0DF49000A084C2 /* CarCardView.swift in Sources */ = {isa = PBXBuildFile; fileRef = 70A016EC2F0DF49000A084C2 /* CarCardView.swift */; };
		70A0173B2F0DF49000A084C2 /* CarsView.swift in Sources */ = {isa = PBXBuildFile; fileRef = 70A016ED2F0DF49000A084C2 /* CarsView.swift */; };
		70A0173C2F0DF49000A084C2 /* EmpireApp.swift in Sources */ = {isa = PBXBuildFile; fileRef = 70A016E92F0DF49000A084C2 /* EmpireApp.swift */; };
		70A0173D2F0DF49000A084C2 /* EmpireTabView.swift in Sources */ = {isa = PBXBuildFile; fileRef = 70A016F12F0DF49000A084C2 /* EmpireTabView.swift */; };
		70A0173E2F0DF49000A084C2 /* GlassOptionRow.swift in Sources */ = {isa = PBXBuildFile; fileRef = 70A016F32F0DF49000A084C2 /* GlassOptionRow.swift */; };
		70A0173F2F0DF49000A084C2 /* ProfileStatCard.swift in Sources */ = {isa = PBXBuildFile; fileRef = 70A016FA2F0DF49000A084C2 /* ProfileStatCard.swift */; };
		70A017402F0DF49000A084C2 /* EmpireSplashView.swift in Sources */ = {isa = PBXBuildFile; fileRef = 70A016F02F0DF49000A084C2 /* EmpireSplashView.swift */; };
		70A017412F0DF49000A084C2 /* VisualEffectBlur.swift in Sources */ = {isa = PBXBuildFile; fileRef = 70A016FE2F0DF49000A084C2 /* VisualEffectBlur.swift */; };
		70A017422F0DF49000A084C2 /* MerchView.swift in Sources */ = {isa = PBXBuildFile; fileRef = 70A016F82F0DF49000A084C2 /* MerchView.swift */; };
		70A017432F0DF49000A084C2 /* ProfileView.swift in Sources */ = {isa = PBXBuildFile; fileRef = 70A016FB2F0DF49000A084C2 /* ProfileView.swift */; };
		70A017442F0DF49000A084C2 /* StageChip.swift in Sources */ = {isa = PBXBuildFile; fileRef = 70A016FC2F0DF49000A084C2 /* StageChip.swift */; };
		70A2E4062F10ABDA004B950D /* EmpireLogoView.swift in Sources */ = {isa = PBXBuildFile; fileRef = 70A2E4052F10ABDA004B950D /* EmpireLogoView.swift */; };
		70A2E4072F10ABDA004B950D /* EmpireLogoView.swift in Sources */ = {isa = PBXBuildFile; fileRef = 70A2E4052F10ABDA004B950D /* EmpireLogoView.swift */; };
		70A2E4082F10ABDA004B950D /* EmpireLogoView.swift in Sources */ = {isa = PBXBuildFile; fileRef = 70A2E4052F10ABDA004B950D /* EmpireLogoView.swift */; };
		70B0CF572F10646D003FCD20 /* LoginView.swift in Sources */ = {isa = PBXBuildFile; fileRef = 70B0CF552F10634F003FCD20 /* LoginView.swift */; };
		70B0CF582F10646D003FCD20 /* LoginView.swift in Sources */ = {isa = PBXBuildFile; fileRef = 70B0CF552F10634F003FCD20 /* LoginView.swift */; };
		70B0CF592F10646D003FCD20 /* LoginView.swift in Sources */ = {isa = PBXBuildFile; fileRef = 70B0CF552F10634F003FCD20 /* LoginView.swift */; };
		70B0CF612F1064D0003FCD20 /* SignUpView.swift in Sources */ = {isa = PBXBuildFile; fileRef = 70B0CF602F1064D0003FCD20 /* SignUpView.swift */; };
		70B0CF622F1064D0003FCD20 /* SignUpView.swift in Sources */ = {isa = PBXBuildFile; fileRef = 70B0CF602F1064D0003FCD20 /* SignUpView.swift */; };
		70B0CF632F1064D0003FCD20 /* SignUpView.swift in Sources */ = {isa = PBXBuildFile; fileRef = 70B0CF602F1064D0003FCD20 /* SignUpView.swift */; };
		70B0CF652F1067F0003FCD20 /* ForgotPasswordView.swift in Sources */ = {isa = PBXBuildFile; fileRef = 70B0CF642F1067F0003FCD20 /* ForgotPasswordView.swift */; };
		70B0CF662F1067F0003FCD20 /* ForgotPasswordView.swift in Sources */ = {isa = PBXBuildFile; fileRef = 70B0CF642F1067F0003FCD20 /* ForgotPasswordView.swift */; };
		70B0CF672F1067F0003FCD20 /* ForgotPasswordView.swift in Sources */ = {isa = PBXBuildFile; fileRef = 70B0CF642F1067F0003FCD20 /* ForgotPasswordView.swift */; };
		70B0CF692F106908003FCD20 /* EmpireTheme.swift in Sources */ = {isa = PBXBuildFile; fileRef = 70B0CF682F106908003FCD20 /* EmpireTheme.swift */; };
		70B0CF6A2F106908003FCD20 /* EmpireTheme.swift in Sources */ = {isa = PBXBuildFile; fileRef = 70B0CF682F106908003FCD20 /* EmpireTheme.swift */; };
		70B0CF6B2F106908003FCD20 /* EmpireTheme.swift in Sources */ = {isa = PBXBuildFile; fileRef = 70B0CF682F106908003FCD20 /* EmpireTheme.swift */; };
		70B0CF6D2F106B6B003FCD20 /* EmpireInteractiveBackground.swift in Sources */ = {isa = PBXBuildFile; fileRef = 70B0CF6C2F106B6B003FCD20 /* EmpireInteractiveBackground.swift */; };
		70B0CF6E2F106B6B003FCD20 /* EmpireInteractiveBackground.swift in Sources */ = {isa = PBXBuildFile; fileRef = 70B0CF6C2F106B6B003FCD20 /* EmpireInteractiveBackground.swift */; };
		70B0CF6F2F106B6B003FCD20 /* EmpireInteractiveBackground.swift in Sources */ = {isa = PBXBuildFile; fileRef = 70B0CF6C2F106B6B003FCD20 /* EmpireInteractiveBackground.swift */; };
/* End PBXBuildFile section */

/* Begin PBXContainerItemProxy section */
		70C60A822F0DAA7E003AE110 /* PBXContainerItemProxy */ = {
			isa = PBXContainerItemProxy;
			containerPortal = 70C60A6A2F0DAA7C003AE110 /* Project object */;
			proxyType = 1;
			remoteGlobalIDString = 70C60A712F0DAA7C003AE110;
			remoteInfo = Empire;
		};
		70C60A8C2F0DAA7E003AE110 /* PBXContainerItemProxy */ = {
			isa = PBXContainerItemProxy;
			containerPortal = 70C60A6A2F0DAA7C003AE110 /* Project object */;
			proxyType = 1;
			remoteGlobalIDString = 70C60A712F0DAA7C003AE110;
			remoteInfo = Empire;
		};
/* End PBXContainerItemProxy section */

/* Begin PBXCopyFilesBuildPhase section */
		704E4BBC2F11EE2D00AB0A5D /* Embed Foundation Extensions */ = {
			isa = PBXCopyFilesBuildPhase;
			buildActionMask = 2147483647;
			dstPath = "";
			dstSubfolderSpec = 13;
			files = (
			);
			name = "Embed Foundation Extensions";
			runOnlyForDeploymentPostprocessing = 0;
		};
/* End PBXCopyFilesBuildPhase section */

/* Begin PBXFileReference section */
		704E4B8D2F11E5A000AB0A5D /* MerchGridView.swift */ = {isa = PBXFileReference; lastKnownFileType = sourcecode.swift; path = MerchGridView.swift; sourceTree = "<group>"; };
		704E4B912F11E5A800AB0A5D /* MerchListView.swift */ = {isa = PBXFileReference; lastKnownFileType = sourcecode.swift; path = MerchListView.swift; sourceTree = "<group>"; };
		704E4BA32F11EE2C00AB0A5D /* WidgetKit.framework */ = {isa = PBXFileReference; lastKnownFileType = wrapper.framework; name = WidgetKit.framework; path = System/Library/Frameworks/WidgetKit.framework; sourceTree = SDKROOT; };
		704E4BA52F11EE2C00AB0A5D /* SwiftUI.framework */ = {isa = PBXFileReference; lastKnownFileType = wrapper.framework; name = SwiftUI.framework; path = System/Library/Frameworks/SwiftUI.framework; sourceTree = SDKROOT; };
		7092F00D2F0E3FFF00D39106 /* empire 360.mp4 */ = {isa = PBXFileReference; lastKnownFileType = file; path = "empire 360.mp4"; sourceTree = "<group>"; };
		70A016E92F0DF49000A084C2 /* EmpireApp.swift */ = {isa = PBXFileReference; lastKnownFileType = sourcecode.swift; path = EmpireApp.swift; sourceTree = "<group>"; };
		70A016EC2F0DF49000A084C2 /* CarCardView.swift */ = {isa = PBXFileReference; lastKnownFileType = sourcecode.swift; path = CarCardView.swift; sourceTree = "<group>"; };
		70A016ED2F0DF49000A084C2 /* CarsView.swift */ = {isa = PBXFileReference; lastKnownFileType = sourcecode.swift; path = CarsView.swift; sourceTree = "<group>"; };
		70A016EE2F0DF49000A084C2 /* CoolRipple.swift */ = {isa = PBXFileReference; lastKnownFileType = sourcecode.swift; path = CoolRipple.swift; sourceTree = "<group>"; };
		70A016EF2F0DF49000A084C2 /* EmpireAppView.swift */ = {isa = PBXFileReference; lastKnownFileType = sourcecode.swift; path = EmpireAppView.swift; sourceTree = "<group>"; };
		70A016F02F0DF49000A084C2 /* EmpireSplashView.swift */ = {isa = PBXFileReference; lastKnownFileType = sourcecode.swift; path = EmpireSplashView.swift; sourceTree = "<group>"; };
		70A016F12F0DF49000A084C2 /* EmpireTabView.swift */ = {isa = PBXFileReference; lastKnownFileType = sourcecode.swift; path = EmpireTabView.swift; sourceTree = "<group>"; };
		70A016F22F0DF49000A084C2 /* ExpandedCarView.swift */ = {isa = PBXFileReference; lastKnownFileType = sourcecode.swift; path = ExpandedCarView.swift; sourceTree = "<group>"; };
		70A016F32F0DF49000A084C2 /* GlassOptionRow.swift */ = {isa = PBXFileReference; lastKnownFileType = sourcecode.swift; path = GlassOptionRow.swift; sourceTree = "<group>"; };
		70A016F42F0DF49000A084C2 /* HomeView.swift */ = {isa = PBXFileReference; lastKnownFileType = sourcecode.swift; path = HomeView.swift; sourceTree = "<group>"; };
		70A016F62F0DF49000A084C2 /* LiquidGlassTabBar.swift */ = {isa = PBXFileReference; lastKnownFileType = sourcecode.swift; path = LiquidGlassTabBar.swift; sourceTree = "<group>"; };
		70A016F72F0DF49000A084C2 /* MeetsView.swift */ = {isa = PBXFileReference; lastKnownFileType = sourcecode.swift; path = MeetsView.swift; sourceTree = "<group>"; };
		70A016F82F0DF49000A084C2 /* MerchView.swift */ = {isa = PBXFileReference; lastKnownFileType = sourcecode.swift; path = MerchView.swift; sourceTree = "<group>"; };
		70A016F92F0DF49000A084C2 /* Models.swift */ = {isa = PBXFileReference; lastKnownFileType = sourcecode.swift; path = Models.swift; sourceTree = "<group>"; };
		70A016FA2F0DF49000A084C2 /* ProfileStatCard.swift */ = {isa = PBXFileReference; lastKnownFileType = sourcecode.swift; path = ProfileStatCard.swift; sourceTree = "<group>"; };
		70A016FB2F0DF49000A084C2 /* ProfileView.swift */ = {isa = PBXFileReference; lastKnownFileType = sourcecode.swift; path = ProfileView.swift; sourceTree = "<group>"; };
		70A016FC2F0DF49000A084C2 /* StageChip.swift */ = {isa = PBXFileReference; lastKnownFileType = sourcecode.swift; path = StageChip.swift; sourceTree = "<group>"; };
		70A016FE2F0DF49000A084C2 /* VisualEffectBlur.swift */ = {isa = PBXFileReference; lastKnownFileType = sourcecode.swift; path = VisualEffectBlur.swift; sourceTree = "<group>"; };
		70A017002F0DF49000A084C2 /* Assets.xcassets */ = {isa = PBXFileReference; lastKnownFileType = folder.assetcatalog; path = Assets.xcassets; sourceTree = "<group>"; };
		70A017012F0DF49000A084C2 /* Info.plist */ = {isa = PBXFileReference; lastKnownFileType = text.plist.xml; path = Info.plist; sourceTree = "<group>"; };
		70A2E4052F10ABDA004B950D /* EmpireLogoView.swift */ = {isa = PBXFileReference; lastKnownFileType = sourcecode.swift; path = EmpireLogoView.swift; sourceTree = "<group>"; };
		70B0CF552F10634F003FCD20 /* LoginView.swift */ = {isa = PBXFileReference; lastKnownFileType = sourcecode.swift; path = LoginView.swift; sourceTree = "<group>"; };
		70B0CF602F1064D0003FCD20 /* SignUpView.swift */ = {isa = PBXFileReference; lastKnownFileType = sourcecode.swift; path = SignUpView.swift; sourceTree = "<group>"; };
		70B0CF642F1067F0003FCD20 /* ForgotPasswordView.swift */ = {isa = PBXFileReference; lastKnownFileType = sourcecode.swift; path = ForgotPasswordView.swift; sourceTree = "<group>"; };
		70B0CF682F106908003FCD20 /* EmpireTheme.swift */ = {isa = PBXFileReference; lastKnownFileType = sourcecode.swift; path = EmpireTheme.swift; sourceTree = "<group>"; };
		70B0CF6C2F106B6B003FCD20 /* EmpireInteractiveBackground.swift */ = {isa = PBXFileReference; lastKnownFileType = sourcecode.swift; path = EmpireInteractiveBackground.swift; sourceTree = "<group>"; };
		70C60A722F0DAA7C003AE110 /* Empire.app */ = {isa = PBXFileReference; explicitFileType = wrapper.application; includeInIndex = 0; path = Empire.app; sourceTree = BUILT_PRODUCTS_DIR; };
		70C60A812F0DAA7E003AE110 /* EmpireTests.xctest */ = {isa = PBXFileReference; explicitFileType = wrapper.cfbundle; includeInIndex = 0; path = EmpireTests.xctest; sourceTree = BUILT_PRODUCTS_DIR; };
		70C60A8B2F0DAA7E003AE110 /* EmpireUITests.xctest */ = {isa = PBXFileReference; explicitFileType = wrapper.cfbundle; includeInIndex = 0; path = EmpireUITests.xctest; sourceTree = BUILT_PRODUCTS_DIR; };
/* End PBXFileReference section */

/* Begin PBXFileSystemSynchronizedRootGroup section */
		70C60A842F0DAA7E003AE110 /* EmpireTests */ = {
			isa = PBXFileSystemSynchronizedRootGroup;
			path = EmpireTests;
			sourceTree = "<group>";
		};
		70C60A8E2F0DAA7E003AE110 /* EmpireUITests */ = {
			isa = PBXFileSystemSynchronizedRootGroup;
			path = EmpireUITests;
			sourceTree = "<group>";
		};
/* End PBXFileSystemSynchronizedRootGroup section */

/* Begin PBXFrameworksBuildPhase section */
		70C60A6F2F0DAA7C003AE110 /* Frameworks */ = {
			isa = PBXFrameworksBuildPhase;
			buildActionMask = 2147483647;
			files = (
			);
			runOnlyForDeploymentPostprocessing = 0;
		};
		70C60A7E2F0DAA7E003AE110 /* Frameworks */ = {
			isa = PBXFrameworksBuildPhase;
			buildActionMask = 2147483647;
			files = (
			);
			runOnlyForDeploymentPostprocessing = 0;
		};
		70C60A882F0DAA7E003AE110 /* Frameworks */ = {
			isa = PBXFrameworksBuildPhase;
			buildActionMask = 2147483647;
			files = (
			);
			runOnlyForDeploymentPostprocessing = 0;
		};
/* End PBXFrameworksBuildPhase section */

/* Begin PBXGroup section */
		704E4BA22F11EE2C00AB0A5D /* Frameworks */ = {
			isa = PBXGroup;
			children = (
				704E4BA32F11EE2C00AB0A5D /* WidgetKit.framework */,
				704E4BA52F11EE2C00AB0A5D /* SwiftUI.framework */,
			);
			name = Frameworks;
			sourceTree = "<group>";
		};
		70A016EA2F0DF49000A084C2 /* App */ = {
			isa = PBXGroup;
			children = (
				70A016E92F0DF49000A084C2 /* EmpireApp.swift */,
				70B0CF682F106908003FCD20 /* EmpireTheme.swift */,
			);
			path = App;
			sourceTree = "<group>";
		};
		70A016FF2F0DF49000A084C2 /* UI */ = {
			isa = PBXGroup;
			children = (
				704E4B912F11E5A800AB0A5D /* MerchListView.swift */,
				70A016EC2F0DF49000A084C2 /* CarCardView.swift */,
				70A016ED2F0DF49000A084C2 /* CarsView.swift */,
				70A016EE2F0DF49000A084C2 /* CoolRipple.swift */,
				70A016EF2F0DF49000A084C2 /* EmpireAppView.swift */,
				70A016F02F0DF49000A084C2 /* EmpireSplashView.swift */,
				70A016F12F0DF49000A084C2 /* EmpireTabView.swift */,
				70A016F22F0DF49000A084C2 /* ExpandedCarView.swift */,
				70A016F32F0DF49000A084C2 /* GlassOptionRow.swift */,
				70A016F42F0DF49000A084C2 /* HomeView.swift */,
				70A016F62F0DF49000A084C2 /* LiquidGlassTabBar.swift */,
				70A016F72F0DF49000A084C2 /* MeetsView.swift */,
				70A016F82F0DF49000A084C2 /* MerchView.swift */,
				70A016F92F0DF49000A084C2 /* Models.swift */,
				70A016FA2F0DF49000A084C2 /* ProfileStatCard.swift */,
				70A016FB2F0DF49000A084C2 /* ProfileView.swift */,
				70A016FC2F0DF49000A084C2 /* StageChip.swift */,
				70A016FE2F0DF49000A084C2 /* VisualEffectBlur.swift */,
				70B0CF552F10634F003FCD20 /* LoginView.swift */,
				70B0CF602F1064D0003FCD20 /* SignUpView.swift */,
				70B0CF642F1067F0003FCD20 /* ForgotPasswordView.swift */,
				70B0CF6C2F106B6B003FCD20 /* EmpireInteractiveBackground.swift */,
				70A2E4052F10ABDA004B950D /* EmpireLogoView.swift */,
				704E4B8D2F11E5A000AB0A5D /* MerchGridView.swift */,
			);
			path = UI;
			sourceTree = "<group>";
		};
		70A017022F0DF49000A084C2 /* Empire */ = {
			isa = PBXGroup;
			children = (
				70A016EA2F0DF49000A084C2 /* App */,
				70A016FF2F0DF49000A084C2 /* UI */,
				70A017002F0DF49000A084C2 /* Assets.xcassets */,
				70A017012F0DF49000A084C2 /* Info.plist */,
				7092F00D2F0E3FFF00D39106 /* empire 360.mp4 */,
			);
			path = Empire;
			sourceTree = "<group>";
		};
		70C60A692F0DAA7C003AE110 = {
			isa = PBXGroup;
			children = (
				70A017022F0DF49000A084C2 /* Empire */,
				70C60A842F0DAA7E003AE110 /* EmpireTests */,
				70C60A8E2F0DAA7E003AE110 /* EmpireUITests */,
				704E4BA22F11EE2C00AB0A5D /* Frameworks */,
				70C60A732F0DAA7C003AE110 /* Products */,
			);
			sourceTree = "<group>";
		};
		70C60A732F0DAA7C003AE110 /* Products */ = {
			isa = PBXGroup;
			children = (
				70C60A722F0DAA7C003AE110 /* Empire.app */,
				70C60A812F0DAA7E003AE110 /* EmpireTests.xctest */,
				70C60A8B2F0DAA7E003AE110 /* EmpireUITests.xctest */,
			);
			name = Products;
			sourceTree = "<group>";
		};
/* End PBXGroup section */

/* Begin PBXNativeTarget section */
		70C60A712F0DAA7C003AE110 /* Empire */ = {
			isa = PBXNativeTarget;
			buildConfigurationList = 70C60A952F0DAA7E003AE110 /* Build configuration list for PBXNativeTarget "Empire" */;
			buildPhases = (
				70C60A6E2F0DAA7C003AE110 /* Sources */,
				70C60A6F2F0DAA7C003AE110 /* Frameworks */,
				70C60A702F0DAA7C003AE110 /* Resources */,
				704E4BBC2F11EE2D00AB0A5D /* Embed Foundation Extensions */,
			);
			buildRules = (
			);
			dependencies = (
			);
			name = Empire;
			packageProductDependencies = (
			);
			productName = Empire;
			productReference = 70C60A722F0DAA7C003AE110 /* Empire.app */;
			productType = "com.apple.product-type.application";
		};
		70C60A802F0DAA7E003AE110 /* EmpireTests */ = {
			isa = PBXNativeTarget;
			buildConfigurationList = 70C60A982F0DAA7E003AE110 /* Build configuration list for PBXNativeTarget "EmpireTests" */;
			buildPhases = (
				70C60A7D2F0DAA7E003AE110 /* Sources */,
				70C60A7E2F0DAA7E003AE110 /* Frameworks */,
				70C60A7F2F0DAA7E003AE110 /* Resources */,
			);
			buildRules = (
			);
			dependencies = (
				70C60A832F0DAA7E003AE110 /* PBXTargetDependency */,
			);
			fileSystemSynchronizedGroups = (
				70C60A842F0DAA7E003AE110 /* EmpireTests */,
			);
			name = EmpireTests;
			packageProductDependencies = (
			);
			productName = EmpireTests;
			productReference = 70C60A812F0DAA7E003AE110 /* EmpireTests.xctest */;
			productType = "com.apple.product-type.bundle.unit-test";
		};
		70C60A8A2F0DAA7E003AE110 /* EmpireUITests */ = {
			isa = PBXNativeTarget;
			buildConfigurationList = 70C60A9B2F0DAA7E003AE110 /* Build configuration list for PBXNativeTarget "EmpireUITests" */;
			buildPhases = (
				70C60A872F0DAA7E003AE110 /* Sources */,
				70C60A882F0DAA7E003AE110 /* Frameworks */,
				70C60A892F0DAA7E003AE110 /* Resources */,
			);
			buildRules = (
			);
			dependencies = (
				70C60A8D2F0DAA7E003AE110 /* PBXTargetDependency */,
			);
			fileSystemSynchronizedGroups = (
				70C60A8E2F0DAA7E003AE110 /* EmpireUITests */,
			);
			name = EmpireUITests;
			packageProductDependencies = (
			);
			productName = EmpireUITests;
			productReference = 70C60A8B2F0DAA7E003AE110 /* EmpireUITests.xctest */;
			productType = "com.apple.product-type.bundle.ui-testing";
		};
/* End PBXNativeTarget section */

/* Begin PBXProject section */
		70C60A6A2F0DAA7C003AE110 /* Project object */ = {
			isa = PBXProject;
			attributes = {
				BuildIndependentTargetsInParallel = 1;
				LastSwiftUpdateCheck = 2610;
				LastUpgradeCheck = 2610;
				TargetAttributes = {
					70C60A712F0DAA7C003AE110 = {
						CreatedOnToolsVersion = 26.1.1;
					};
					70C60A802F0DAA7E003AE110 = {
						CreatedOnToolsVersion = 26.1.1;
						TestTargetID = 70C60A712F0DAA7C003AE110;
					};
					70C60A8A2F0DAA7E003AE110 = {
						CreatedOnToolsVersion = 26.1.1;
						TestTargetID = 70C60A712F0DAA7C003AE110;
					};
				};
			};
			buildConfigurationList = 70C60A6D2F0DAA7C003AE110 /* Build configuration list for PBXProject "Empire" */;
			developmentRegion = en;
			hasScannedForEncodings = 0;
			knownRegions = (
				en,
				Base,
			);
			mainGroup = 70C60A692F0DAA7C003AE110;
			minimizedProjectReferenceProxies = 1;
			preferredProjectObjectVersion = 77;
			productRefGroup = 70C60A732F0DAA7C003AE110 /* Products */;
			projectDirPath = "";
			projectRoot = "";
			targets = (
				70C60A712F0DAA7C003AE110 /* Empire */,
				70C60A802F0DAA7E003AE110 /* EmpireTests */,
				70C60A8A2F0DAA7E003AE110 /* EmpireUITests */,
			);
		};
/* End PBXProject section */

/* Begin PBXResourcesBuildPhase section */
		70C60A702F0DAA7C003AE110 /* Resources */ = {
			isa = PBXResourcesBuildPhase;
			buildActionMask = 2147483647;
			files = (
				7092F00F2F0E3FFF00D39106 /* empire 360.mp4 in Resources */,
				70A0171A2F0DF49000A084C2 /* Assets.xcassets in Resources */,
			);
			runOnlyForDeploymentPostprocessing = 0;
		};
		70C60A7F2F0DAA7E003AE110 /* Resources */ = {
			isa = PBXResourcesBuildPhase;
			buildActionMask = 2147483647;
			files = (
				70A017032F0DF49000A084C2 /* Info.plist in Resources */,
				7092F0102F0E3FFF00D39106 /* empire 360.mp4 in Resources */,
				70A017042F0DF49000A084C2 /* Assets.xcassets in Resources */,
			);
			runOnlyForDeploymentPostprocessing = 0;
		};
		70C60A892F0DAA7E003AE110 /* Resources */ = {
			isa = PBXResourcesBuildPhase;
			buildActionMask = 2147483647;
			files = (
				70A0172F2F0DF49000A084C2 /* Info.plist in Resources */,
				7092F00E2F0E3FFF00D39106 /* empire 360.mp4 in Resources */,
				70A017302F0DF49000A084C2 /* Assets.xcassets in Resources */,
			);
			runOnlyForDeploymentPostprocessing = 0;
		};
/* End PBXResourcesBuildPhase section */

/* Begin PBXSourcesBuildPhase section */
		70C60A6E2F0DAA7C003AE110 /* Sources */ = {
			isa = PBXSourcesBuildPhase;
			buildActionMask = 2147483647;
			files = (
				70A0171B2F0DF49000A084C2 /* MeetsView.swift in Sources */,
				70B0CF6A2F106908003FCD20 /* EmpireTheme.swift in Sources */,
				70B0CF672F1067F0003FCD20 /* ForgotPasswordView.swift in Sources */,
				70A0171C2F0DF49000A084C2 /* CoolRipple.swift in Sources */,
				70A0171E2F0DF49000A084C2 /* HomeView.swift in Sources */,
				70A0171F2F0DF49000A084C2 /* EmpireAppView.swift in Sources */,
				70A017202F0DF49000A084C2 /* ExpandedCarView.swift in Sources */,
				704E4B922F11E5AB00AB0A5D /* MerchListView.swift in Sources */,
				70A017212F0DF49000A084C2 /* LiquidGlassTabBar.swift in Sources */,
				70B0CF6D2F106B6B003FCD20 /* EmpireInteractiveBackground.swift in Sources */,
				70A017232F0DF49000A084C2 /* Models.swift in Sources */,
				70A017242F0DF49000A084C2 /* CarCardView.swift in Sources */,
				70A017252F0DF49000A084C2 /* CarsView.swift in Sources */,
				70A017262F0DF49000A084C2 /* EmpireApp.swift in Sources */,
				70A2E4082F10ABDA004B950D /* EmpireLogoView.swift in Sources */,
				70A017272F0DF49000A084C2 /* EmpireTabView.swift in Sources */,
				70A017282F0DF49000A084C2 /* GlassOptionRow.swift in Sources */,
				704E4B8F2F11E5A000AB0A5D /* MerchGridView.swift in Sources */,
				70A017292F0DF49000A084C2 /* ProfileStatCard.swift in Sources */,
				70A0172A2F0DF49000A084C2 /* EmpireSplashView.swift in Sources */,
				70A0172B2F0DF49000A084C2 /* VisualEffectBlur.swift in Sources */,
				70A0172C2F0DF49000A084C2 /* MerchView.swift in Sources */,
				70B0CF622F1064D0003FCD20 /* SignUpView.swift in Sources */,
				70B0CF572F10646D003FCD20 /* LoginView.swift in Sources */,
				70A0172D2F0DF49000A084C2 /* ProfileView.swift in Sources */,
				70A0172E2F0DF49000A084C2 /* StageChip.swift in Sources */,
			);
			runOnlyForDeploymentPostprocessing = 0;
		};
		70C60A7D2F0DAA7E003AE110 /* Sources */ = {
			isa = PBXSourcesBuildPhase;
			buildActionMask = 2147483647;
			files = (
				70A017052F0DF49000A084C2 /* MeetsView.swift in Sources */,
				70A017062F0DF49000A084C2 /* CoolRipple.swift in Sources */,
				70A017082F0DF49000A084C2 /* HomeView.swift in Sources */,
				70A017092F0DF49000A084C2 /* EmpireAppView.swift in Sources */,
				70A0170A2F0DF49000A084C2 /* ExpandedCarView.swift in Sources */,
				70A0170B2F0DF49000A084C2 /* LiquidGlassTabBar.swift in Sources */,
				704E4B932F11E5AB00AB0A5D /* MerchListView.swift in Sources */,
				70A0170D2F0DF49000A084C2 /* Models.swift in Sources */,
				70A0170E2F0DF49000A084C2 /* CarCardView.swift in Sources */,
				70A2E4062F10ABDA004B950D /* EmpireLogoView.swift in Sources */,
				70A0170F2F0DF49000A084C2 /* CarsView.swift in Sources */,
				70A017102F0DF49000A084C2 /* EmpireApp.swift in Sources */,
				70B0CF632F1064D0003FCD20 /* SignUpView.swift in Sources */,
				70B0CF6B2F106908003FCD20 /* EmpireTheme.swift in Sources */,
				70B0CF6E2F106B6B003FCD20 /* EmpireInteractiveBackground.swift in Sources */,
				70A017112F0DF49000A084C2 /* EmpireTabView.swift in Sources */,
				70B0CF662F1067F0003FCD20 /* ForgotPasswordView.swift in Sources */,
				70A017122F0DF49000A084C2 /* GlassOptionRow.swift in Sources */,
				70A017132F0DF49000A084C2 /* ProfileStatCard.swift in Sources */,
				70A017142F0DF49000A084C2 /* EmpireSplashView.swift in Sources */,
				70A017152F0DF49000A084C2 /* VisualEffectBlur.swift in Sources */,
				70A017162F0DF49000A084C2 /* MerchView.swift in Sources */,
				70A017172F0DF49000A084C2 /* ProfileView.swift in Sources */,
				704E4B8E2F11E5A000AB0A5D /* MerchGridView.swift in Sources */,
				70B0CF582F10646D003FCD20 /* LoginView.swift in Sources */,
				70A017182F0DF49000A084C2 /* StageChip.swift in Sources */,
			);
			runOnlyForDeploymentPostprocessing = 0;
		};
		70C60A872F0DAA7E003AE110 /* Sources */ = {
			isa = PBXSourcesBuildPhase;
			buildActionMask = 2147483647;
			files = (
				70A017312F0DF49000A084C2 /* MeetsView.swift in Sources */,
				70A017322F0DF49000A084C2 /* CoolRipple.swift in Sources */,
				704E4B902F11E5A000AB0A5D /* MerchGridView.swift in Sources */,
				70A017342F0DF49000A084C2 /* HomeView.swift in Sources */,
				70A2E4072F10ABDA004B950D /* EmpireLogoView.swift in Sources */,
				70A017352F0DF49000A084C2 /* EmpireAppView.swift in Sources */,
				70A017362F0DF49000A084C2 /* ExpandedCarView.swift in Sources */,
				70A017372F0DF49000A084C2 /* LiquidGlassTabBar.swift in Sources */,
				70A017392F0DF49000A084C2 /* Models.swift in Sources */,
				70A0173A2F0DF49000A084C2 /* CarCardView.swift in Sources */,
				70A0173B2F0DF49000A084C2 /* CarsView.swift in Sources */,
				70A0173C2F0DF49000A084C2 /* EmpireApp.swift in Sources */,
				70A0173D2F0DF49000A084C2 /* EmpireTabView.swift in Sources */,
				70B0CF652F1067F0003FCD20 /* ForgotPasswordView.swift in Sources */,
				70A0173E2F0DF49000A084C2 /* GlassOptionRow.swift in Sources */,
				70A0173F2F0DF49000A084C2 /* ProfileStatCard.swift in Sources */,
				704E4B942F11E5AB00AB0A5D /* MerchListView.swift in Sources */,
				70A017402F0DF49000A084C2 /* EmpireSplashView.swift in Sources */,
				70B0CF692F106908003FCD20 /* EmpireTheme.swift in Sources */,
				70B0CF612F1064D0003FCD20 /* SignUpView.swift in Sources */,
				70A017412F0DF49000A084C2 /* VisualEffectBlur.swift in Sources */,
				70B0CF592F10646D003FCD20 /* LoginView.swift in Sources */,
				70A017422F0DF49000A084C2 /* MerchView.swift in Sources */,
				70A017432F0DF49000A084C2 /* ProfileView.swift in Sources */,
				70B0CF6F2F106B6B003FCD20 /* EmpireInteractiveBackground.swift in Sources */,
				70A017442F0DF49000A084C2 /* StageChip.swift in Sources */,
			);
			runOnlyForDeploymentPostprocessing = 0;
		};
/* End PBXSourcesBuildPhase section */

/* Begin PBXTargetDependency section */
		70C60A832F0DAA7E003AE110 /* PBXTargetDependency */ = {
			isa = PBXTargetDependency;
			target = 70C60A712F0DAA7C003AE110 /* Empire */;
			targetProxy = 70C60A822F0DAA7E003AE110 /* PBXContainerItemProxy */;
		};
		70C60A8D2F0DAA7E003AE110 /* PBXTargetDependency */ = {
			isa = PBXTargetDependency;
			target = 70C60A712F0DAA7C003AE110 /* Empire */;
			targetProxy = 70C60A8C2F0DAA7E003AE110 /* PBXContainerItemProxy */;
		};
/* End PBXTargetDependency section */

/* Begin XCBuildConfiguration section */
		70C60A932F0DAA7E003AE110 /* Debug */ = {
			isa = XCBuildConfiguration;
			buildSettings = {
				ALWAYS_SEARCH_USER_PATHS = NO;
				ASSETCATALOG_COMPILER_GENERATE_SWIFT_ASSET_SYMBOL_EXTENSIONS = YES;
				CLANG_ANALYZER_NONNULL = YES;
				CLANG_ANALYZER_NUMBER_OBJECT_CONVERSION = YES_AGGRESSIVE;
				CLANG_CXX_LANGUAGE_STANDARD = "gnu++20";
				CLANG_ENABLE_MODULES = YES;
				CLANG_ENABLE_OBJC_ARC = YES;
				CLANG_ENABLE_OBJC_WEAK = YES;
				CLANG_WARN_BLOCK_CAPTURE_AUTORELEASING = YES;
				CLANG_WARN_BOOL_CONVERSION = YES;
				CLANG_WARN_COMMA = YES;
				CLANG_WARN_CONSTANT_CONVERSION = YES;
				CLANG_WARN_DEPRECATED_OBJC_IMPLEMENTATIONS = YES;
				CLANG_WARN_DIRECT_OBJC_ISA_USAGE = YES_ERROR;
				CLANG_WARN_DOCUMENTATION_COMMENTS = YES;
				CLANG_WARN_EMPTY_BODY = YES;
				CLANG_WARN_ENUM_CONVERSION = YES;
				CLANG_WARN_INFINITE_RECURSION = YES;
				CLANG_WARN_INT_CONVERSION = YES;
				CLANG_WARN_NON_LITERAL_NULL_CONVERSION = YES;
				CLANG_WARN_OBJC_IMPLICIT_RETAIN_SELF = YES;
				CLANG_WARN_OBJC_LITERAL_CONVERSION = YES;
				CLANG_WARN_OBJC_ROOT_CLASS = YES_ERROR;
				CLANG_WARN_QUOTED_INCLUDE_IN_FRAMEWORK_HEADER = YES;
				CLANG_WARN_RANGE_LOOP_ANALYSIS = YES;
				CLANG_WARN_STRICT_PROTOTYPES = YES;
				CLANG_WARN_SUSPICIOUS_MOVE = YES;
				CLANG_WARN_UNGUARDED_AVAILABILITY = YES_AGGRESSIVE;
				CLANG_WARN_UNREACHABLE_CODE = YES;
				CLANG_WARN__DUPLICATE_METHOD_MATCH = YES;
				COPY_PHASE_STRIP = NO;
				DEBUG_INFORMATION_FORMAT = dwarf;
				DEVELOPMENT_TEAM = MLF346W74P;
				ENABLE_STRICT_OBJC_MSGSEND = YES;
				ENABLE_TESTABILITY = YES;
				ENABLE_USER_SCRIPT_SANDBOXING = YES;
				GCC_C_LANGUAGE_STANDARD = gnu17;
				GCC_DYNAMIC_NO_PIC = NO;
				GCC_NO_COMMON_BLOCKS = YES;
				GCC_OPTIMIZATION_LEVEL = 0;
				GCC_PREPROCESSOR_DEFINITIONS = (
					"DEBUG=1",
					"$(inherited)",
				);
				GCC_WARN_64_TO_32_BIT_CONVERSION = YES;
				GCC_WARN_ABOUT_RETURN_TYPE = YES_ERROR;
				GCC_WARN_UNDECLARED_SELECTOR = YES;
				GCC_WARN_UNINITIALIZED_AUTOS = YES_AGGRESSIVE;
				GCC_WARN_UNUSED_FUNCTION = YES;
				GCC_WARN_UNUSED_VARIABLE = YES;
				IPHONEOS_DEPLOYMENT_TARGET = 26.0;
				LOCALIZATION_PREFERS_STRING_CATALOGS = YES;
				MTL_ENABLE_DEBUG_INFO = INCLUDE_SOURCE;
				MTL_FAST_MATH = YES;
				ONLY_ACTIVE_ARCH = YES;
				SDKROOT = iphoneos;
				SWIFT_ACTIVE_COMPILATION_CONDITIONS = "DEBUG $(inherited)";
				SWIFT_OPTIMIZATION_LEVEL = "-Onone";
			};
			name = Debug;
		};
		70C60A942F0DAA7E003AE110 /* Release */ = {
			isa = XCBuildConfiguration;
			buildSettings = {
				ALWAYS_SEARCH_USER_PATHS = NO;
				ASSETCATALOG_COMPILER_GENERATE_SWIFT_ASSET_SYMBOL_EXTENSIONS = YES;
				CLANG_ANALYZER_NONNULL = YES;
				CLANG_ANALYZER_NUMBER_OBJECT_CONVERSION = YES_AGGRESSIVE;
				CLANG_CXX_LANGUAGE_STANDARD = "gnu++20";
				CLANG_ENABLE_MODULES = YES;
				CLANG_ENABLE_OBJC_ARC = YES;
				CLANG_ENABLE_OBJC_WEAK = YES;
				CLANG_WARN_BLOCK_CAPTURE_AUTORELEASING = YES;
				CLANG_WARN_BOOL_CONVERSION = YES;
				CLANG_WARN_COMMA = YES;
				CLANG_WARN_CONSTANT_CONVERSION = YES;
				CLANG_WARN_DEPRECATED_OBJC_IMPLEMENTATIONS = YES;
				CLANG_WARN_DIRECT_OBJC_ISA_USAGE = YES_ERROR;
				CLANG_WARN_DOCUMENTATION_COMMENTS = YES;
				CLANG_WARN_EMPTY_BODY = YES;
				CLANG_WARN_ENUM_CONVERSION = YES;
				CLANG_WARN_INFINITE_RECURSION = YES;
				CLANG_WARN_INT_CONVERSION = YES;
				CLANG_WARN_NON_LITERAL_NULL_CONVERSION = YES;
				CLANG_WARN_OBJC_IMPLICIT_RETAIN_SELF = YES;
				CLANG_WARN_OBJC_LITERAL_CONVERSION = YES;
				CLANG_WARN_OBJC_ROOT_CLASS = YES_ERROR;
				CLANG_WARN_QUOTED_INCLUDE_IN_FRAMEWORK_HEADER = YES;
				CLANG_WARN_RANGE_LOOP_ANALYSIS = YES;
				CLANG_WARN_STRICT_PROTOTYPES = YES;
				CLANG_WARN_SUSPICIOUS_MOVE = YES;
				CLANG_WARN_UNGUARDED_AVAILABILITY = YES_AGGRESSIVE;
				CLANG_WARN_UNREACHABLE_CODE = YES;
				CLANG_WARN__DUPLICATE_METHOD_MATCH = YES;
				COPY_PHASE_STRIP = NO;
				DEBUG_INFORMATION_FORMAT = "dwarf-with-dsym";
				DEVELOPMENT_TEAM = MLF346W74P;
				ENABLE_NS_ASSERTIONS = NO;
				ENABLE_STRICT_OBJC_MSGSEND = YES;
				ENABLE_USER_SCRIPT_SANDBOXING = YES;
				GCC_C_LANGUAGE_STANDARD = gnu17;
				GCC_NO_COMMON_BLOCKS = YES;
				GCC_WARN_64_TO_32_BIT_CONVERSION = YES;
				GCC_WARN_ABOUT_RETURN_TYPE = YES_ERROR;
				GCC_WARN_UNDECLARED_SELECTOR = YES;
				GCC_WARN_UNINITIALIZED_AUTOS = YES_AGGRESSIVE;
				GCC_WARN_UNUSED_FUNCTION = YES;
				GCC_WARN_UNUSED_VARIABLE = YES;
				IPHONEOS_DEPLOYMENT_TARGET = 26.0;
				LOCALIZATION_PREFERS_STRING_CATALOGS = YES;
				MTL_ENABLE_DEBUG_INFO = NO;
				MTL_FAST_MATH = YES;
				SDKROOT = iphoneos;
				SWIFT_COMPILATION_MODE = wholemodule;
				VALIDATE_PRODUCT = YES;
			};
			name = Release;
		};
		70C60A962F0DAA7E003AE110 /* Debug */ = {
			isa = XCBuildConfiguration;
			buildSettings = {
				ASSETCATALOG_COMPILER_APPICON_NAME = AppIcon;
				ASSETCATALOG_COMPILER_GLOBAL_ACCENT_COLOR_NAME = AccentColor;
				CODE_SIGN_STYLE = Automatic;
				CURRENT_PROJECT_VERSION = 18;
				DEVELOPMENT_TEAM = MLF346W74P;
				ENABLE_PREVIEWS = YES;
				GENERATE_INFOPLIST_FILE = YES;
				INFOPLIST_FILE = Empire/Info.plist;
				INFOPLIST_KEY_CFBundleDisplayName = "Empire Connect";
				INFOPLIST_KEY_LSApplicationCategoryType = "public.app-category.social-networking";
				INFOPLIST_KEY_NSSupportsLiveActivities = YES;
				INFOPLIST_KEY_UIApplicationSceneManifest_Generation = YES;
				INFOPLIST_KEY_UIApplicationSupportsIndirectInputEvents = YES;
				INFOPLIST_KEY_UILaunchScreen_Generation = YES;
				INFOPLIST_KEY_UISupportedInterfaceOrientations_iPad = "UIInterfaceOrientationPortrait UIInterfaceOrientationPortraitUpsideDown UIInterfaceOrientationLandscapeLeft UIInterfaceOrientationLandscapeRight";
				INFOPLIST_KEY_UISupportedInterfaceOrientations_iPhone = "UIInterfaceOrientationPortrait UIInterfaceOrientationLandscapeLeft UIInterfaceOrientationLandscapeRight";
				IPHONEOS_DEPLOYMENT_TARGET = 26.0;
				LD_RUNPATH_SEARCH_PATHS = (
					"$(inherited)",
					"@executable_path/Frameworks",
				);
				MARKETING_VERSION = 1.0;
				PRODUCT_BUNDLE_IDENTIFIER = com.empireautoclub.empireconnect;
				PRODUCT_NAME = "$(TARGET_NAME)";
				STRING_CATALOG_GENERATE_SYMBOLS = YES;
				SWIFT_APPROACHABLE_CONCURRENCY = YES;
				SWIFT_DEFAULT_ACTOR_ISOLATION = MainActor;
				SWIFT_EMIT_LOC_STRINGS = YES;
				SWIFT_UPCOMING_FEATURE_MEMBER_IMPORT_VISIBILITY = YES;
				SWIFT_VERSION = 5.0;
				TARGETED_DEVICE_FAMILY = "1,2";
			};
			name = Debug;
		};
		70C60A972F0DAA7E003AE110 /* Release */ = {
			isa = XCBuildConfiguration;
			buildSettings = {
				ASSETCATALOG_COMPILER_APPICON_NAME = AppIcon;
				ASSETCATALOG_COMPILER_GLOBAL_ACCENT_COLOR_NAME = AccentColor;
				CODE_SIGN_STYLE = Automatic;
				CURRENT_PROJECT_VERSION = 18;
				DEVELOPMENT_TEAM = MLF346W74P;
				ENABLE_PREVIEWS = YES;
				GENERATE_INFOPLIST_FILE = YES;
				INFOPLIST_FILE = Empire/Info.plist;
				INFOPLIST_KEY_CFBundleDisplayName = "Empire Connect";
				INFOPLIST_KEY_LSApplicationCategoryType = "public.app-category.social-networking";
				INFOPLIST_KEY_NSSupportsLiveActivities = YES;
				INFOPLIST_KEY_UIApplicationSceneManifest_Generation = YES;
				INFOPLIST_KEY_UIApplicationSupportsIndirectInputEvents = YES;
				INFOPLIST_KEY_UILaunchScreen_Generation = YES;
				INFOPLIST_KEY_UISupportedInterfaceOrientations_iPad = "UIInterfaceOrientationPortrait UIInterfaceOrientationPortraitUpsideDown UIInterfaceOrientationLandscapeLeft UIInterfaceOrientationLandscapeRight";
				INFOPLIST_KEY_UISupportedInterfaceOrientations_iPhone = "UIInterfaceOrientationPortrait UIInterfaceOrientationLandscapeLeft UIInterfaceOrientationLandscapeRight";
				IPHONEOS_DEPLOYMENT_TARGET = 26.0;
				LD_RUNPATH_SEARCH_PATHS = (
					"$(inherited)",
					"@executable_path/Frameworks",
				);
				MARKETING_VERSION = 1.0;
				PRODUCT_BUNDLE_IDENTIFIER = com.empireautoclub.empireconnect;
				PRODUCT_NAME = "$(TARGET_NAME)";
				STRING_CATALOG_GENERATE_SYMBOLS = YES;
				SWIFT_APPROACHABLE_CONCURRENCY = YES;
				SWIFT_DEFAULT_ACTOR_ISOLATION = MainActor;
				SWIFT_EMIT_LOC_STRINGS = YES;
				SWIFT_UPCOMING_FEATURE_MEMBER_IMPORT_VISIBILITY = YES;
				SWIFT_VERSION = 5.0;
				TARGETED_DEVICE_FAMILY = "1,2";
			};
			name = Release;
		};
		70C60A992F0DAA7E003AE110 /* Debug */ = {
			isa = XCBuildConfiguration;
			buildSettings = {
				BUNDLE_LOADER = "$(TEST_HOST)";
				CODE_SIGN_STYLE = Automatic;
				CURRENT_PROJECT_VERSION = 1;
				DEVELOPMENT_TEAM = MLF346W74P;
				GENERATE_INFOPLIST_FILE = YES;
				IPHONEOS_DEPLOYMENT_TARGET = 26.0;
				MARKETING_VERSION = 1.0;
				PRODUCT_BUNDLE_IDENTIFIER = com.empireautoclub.EmpireTests;
				PRODUCT_NAME = "$(TARGET_NAME)";
				STRING_CATALOG_GENERATE_SYMBOLS = NO;
				SWIFT_APPROACHABLE_CONCURRENCY = YES;
				SWIFT_EMIT_LOC_STRINGS = NO;
				SWIFT_UPCOMING_FEATURE_MEMBER_IMPORT_VISIBILITY = YES;
				SWIFT_VERSION = 5.0;
				TARGETED_DEVICE_FAMILY = "1,2";
				TEST_HOST = "$(BUILT_PRODUCTS_DIR)/Empire.app/$(BUNDLE_EXECUTABLE_FOLDER_PATH)/Empire";
			};
			name = Debug;
		};
		70C60A9A2F0DAA7E003AE110 /* Release */ = {
			isa = XCBuildConfiguration;
			buildSettings = {
				BUNDLE_LOADER = "$(TEST_HOST)";
				CODE_SIGN_STYLE = Automatic;
				CURRENT_PROJECT_VERSION = 1;
				DEVELOPMENT_TEAM = MLF346W74P;
				GENERATE_INFOPLIST_FILE = YES;
				IPHONEOS_DEPLOYMENT_TARGET = 26.0;
				MARKETING_VERSION = 1.0;
				PRODUCT_BUNDLE_IDENTIFIER = com.empireautoclub.EmpireTests;
				PRODUCT_NAME = "$(TARGET_NAME)";
				STRING_CATALOG_GENERATE_SYMBOLS = NO;
				SWIFT_APPROACHABLE_CONCURRENCY = YES;
				SWIFT_EMIT_LOC_STRINGS = NO;
				SWIFT_UPCOMING_FEATURE_MEMBER_IMPORT_VISIBILITY = YES;
				SWIFT_VERSION = 5.0;
				TARGETED_DEVICE_FAMILY = "1,2";
				TEST_HOST = "$(BUILT_PRODUCTS_DIR)/Empire.app/$(BUNDLE_EXECUTABLE_FOLDER_PATH)/Empire";
			};
			name = Release;
		};
		70C60A9C2F0DAA7E003AE110 /* Debug */ = {
			isa = XCBuildConfiguration;
			buildSettings = {
				CODE_SIGN_STYLE = Automatic;
				CURRENT_PROJECT_VERSION = 1;
				DEVELOPMENT_TEAM = MLF346W74P;
				GENERATE_INFOPLIST_FILE = YES;
				IPHONEOS_DEPLOYMENT_TARGET = 26.0;
				MARKETING_VERSION = 1.0;
				PRODUCT_BUNDLE_IDENTIFIER = com.empireautoclub.EmpireUITests;
				PRODUCT_NAME = "$(TARGET_NAME)";
				STRING_CATALOG_GENERATE_SYMBOLS = NO;
				SWIFT_APPROACHABLE_CONCURRENCY = YES;
				SWIFT_EMIT_LOC_STRINGS = NO;
				SWIFT_UPCOMING_FEATURE_MEMBER_IMPORT_VISIBILITY = YES;
				SWIFT_VERSION = 5.0;
				TARGETED_DEVICE_FAMILY = "1,2";
				TEST_TARGET_NAME = Empire;
			};
			name = Debug;
		};
		70C60A9D2F0DAA7E003AE110 /* Release */ = {
			isa = XCBuildConfiguration;
			buildSettings = {
				CODE_SIGN_STYLE = Automatic;
				CURRENT_PROJECT_VERSION = 1;
				DEVELOPMENT_TEAM = MLF346W74P;
				GENERATE_INFOPLIST_FILE = YES;
				IPHONEOS_DEPLOYMENT_TARGET = 26.0;
				MARKETING_VERSION = 1.0;
				PRODUCT_BUNDLE_IDENTIFIER = com.empireautoclub.EmpireUITests;
				PRODUCT_NAME = "$(TARGET_NAME)";
				STRING_CATALOG_GENERATE_SYMBOLS = NO;
				SWIFT_APPROACHABLE_CONCURRENCY = YES;
				SWIFT_EMIT_LOC_STRINGS = NO;
				SWIFT_UPCOMING_FEATURE_MEMBER_IMPORT_VISIBILITY = YES;
				SWIFT_VERSION = 5.0;
				TARGETED_DEVICE_FAMILY = "1,2";
				TEST_TARGET_NAME = Empire;
			};
			name = Release;
		};
/* End XCBuildConfiguration section */

/* Begin XCConfigurationList section */
		70C60A6D2F0DAA7C003AE110 /* Build configuration list for PBXProject "Empire" */ = {
			isa = XCConfigurationList;
			buildConfigurations = (
				70C60A932F0DAA7E003AE110 /* Debug */,
				70C60A942F0DAA7E003AE110 /* Release */,
			);
			defaultConfigurationIsVisible = 0;
			defaultConfigurationName = Release;
		};
		70C60A952F0DAA7E003AE110 /* Build configuration list for PBXNativeTarget "Empire" */ = {
			isa = XCConfigurationList;
			buildConfigurations = (
				70C60A962F0DAA7E003AE110 /* Debug */,
				70C60A972F0DAA7E003AE110 /* Release */,
			);
			defaultConfigurationIsVisible = 0;
			defaultConfigurationName = Release;
		};
		70C60A982F0DAA7E003AE110 /* Build configuration list for PBXNativeTarget "EmpireTests" */ = {
			isa = XCConfigurationList;
			buildConfigurations = (
				70C60A992F0DAA7E003AE110 /* Debug */,
				70C60A9A2F0DAA7E003AE110 /* Release */,
			);
			defaultConfigurationIsVisible = 0;
			defaultConfigurationName = Release;
		};
		70C60A9B2F0DAA7E003AE110 /* Build configuration list for PBXNativeTarget "EmpireUITests" */ = {
			isa = XCConfigurationList;
			buildConfigurations = (
				70C60A9C2F0DAA7E003AE110 /* Debug */,
				70C60A9D2F0DAA7E003AE110 /* Release */,
			);
			defaultConfigurationIsVisible = 0;
			defaultConfigurationName = Release;
		};
/* End XCConfigurationList section */
	};
	rootObject = 70C60A6A2F0DAA7C003AE110 /* Project object */;
}
